// !$*UTF8*$!
{
	archiveVersion = 1;
	classes = {
	};
	objectVersion = 56;
	objects = {

/* Begin PBXBuildFile section */
		0AB73E0C2A894523004CB3FD /* AppDelegate.swift in Sources */ = {isa = PBXBuildFile; fileRef = 0AB73E0B2A894523004CB3FD /* AppDelegate.swift */; };
		0AB73E0E2A894523004CB3FD /* SceneDelegate.swift in Sources */ = {isa = PBXBuildFile; fileRef = 0AB73E0D2A894523004CB3FD /* SceneDelegate.swift */; };
		0AB73E102A894523004CB3FD /* ViewController.swift in Sources */ = {isa = PBXBuildFile; fileRef = 0AB73E0F2A894523004CB3FD /* ViewController.swift */; };
		0AB73E132A894523004CB3FD /* Main.storyboard in Resources */ = {isa = PBXBuildFile; fileRef = 0AB73E112A894523004CB3FD /* Main.storyboard */; };
		0AB73E152A894525004CB3FD /* Assets.xcassets in Resources */ = {isa = PBXBuildFile; fileRef = 0AB73E142A894525004CB3FD /* Assets.xcassets */; };
		0AB73E182A894525004CB3FD /* LaunchScreen.storyboard in Resources */ = {isa = PBXBuildFile; fileRef = 0AB73E162A894525004CB3FD /* LaunchScreen.storyboard */; };
		0AB73E232A894525004CB3FD /* PrototypeTests.swift in Sources */ = {isa = PBXBuildFile; fileRef = 0AB73E222A894525004CB3FD /* PrototypeTests.swift */; };
		0AB73E2D2A894525004CB3FD /* PrototypeUITests.swift in Sources */ = {isa = PBXBuildFile; fileRef = 0AB73E2C2A894525004CB3FD /* PrototypeUITests.swift */; };
		0AB73E2F2A894525004CB3FD /* PrototypeUITestsLaunchTests.swift in Sources */ = {isa = PBXBuildFile; fileRef = 0AB73E2E2A894525004CB3FD /* PrototypeUITestsLaunchTests.swift */; };
/* End PBXBuildFile section */

/* Begin PBXContainerItemProxy section */
		0AB73E1F2A894525004CB3FD /* PBXContainerItemProxy */ = {
			isa = PBXContainerItemProxy;
			containerPortal = 0AB73E002A894523004CB3FD /* Project object */;
			proxyType = 1;
			remoteGlobalIDString = 0AB73E072A894523004CB3FD;
			remoteInfo = Prototype;
		};
		0AB73E292A894525004CB3FD /* PBXContainerItemProxy */ = {
			isa = PBXContainerItemProxy;
			containerPortal = 0AB73E002A894523004CB3FD /* Project object */;
			proxyType = 1;
			remoteGlobalIDString = 0AB73E072A894523004CB3FD;
			remoteInfo = Prototype;
		};
/* End PBXContainerItemProxy section */

/* Begin PBXFileReference section */
		0AB73E082A894523004CB3FD /* Prototype.app */ = {isa = PBXFileReference; explicitFileType = wrapper.application; includeInIndex = 0; path = Prototype.app; sourceTree = BUILT_PRODUCTS_DIR; };
		0AB73E0B2A894523004CB3FD /* AppDelegate.swift */ = {isa = PBXFileReference; lastKnownFileType = sourcecode.swift; path = AppDelegate.swift; sourceTree = "<group>"; };
		0AB73E0D2A894523004CB3FD /* SceneDelegate.swift */ = {isa = PBXFileReference; lastKnownFileType = sourcecode.swift; path = SceneDelegate.swift; sourceTree = "<group>"; };
		0AB73E0F2A894523004CB3FD /* ViewController.swift */ = {isa = PBXFileReference; lastKnownFileType = sourcecode.swift; path = ViewController.swift; sourceTree = "<group>"; };
		0AB73E122A894523004CB3FD /* Base */ = {isa = PBXFileReference; lastKnownFileType = file.storyboard; name = Base; path = Base.lproj/Main.storyboard; sourceTree = "<group>"; };
		0AB73E142A894525004CB3FD /* Assets.xcassets */ = {isa = PBXFileReference; lastKnownFileType = folder.assetcatalog; path = Assets.xcassets; sourceTree = "<group>"; };
		0AB73E172A894525004CB3FD /* Base */ = {isa = PBXFileReference; lastKnownFileType = file.storyboard; name = Base; path = Base.lproj/LaunchScreen.storyboard; sourceTree = "<group>"; };
		0AB73E192A894525004CB3FD /* Info.plist */ = {isa = PBXFileReference; lastKnownFileType = text.plist.xml; path = Info.plist; sourceTree = "<group>"; };
		0AB73E1E2A894525004CB3FD /* PrototypeTests.xctest */ = {isa = PBXFileReference; explicitFileType = wrapper.cfbundle; includeInIndex = 0; path = PrototypeTests.xctest; sourceTree = BUILT_PRODUCTS_DIR; };
		0AB73E222A894525004CB3FD /* PrototypeTests.swift */ = {isa = PBXFileReference; lastKnownFileType = sourcecode.swift; path = PrototypeTests.swift; sourceTree = "<group>"; };
		0AB73E282A894525004CB3FD /* PrototypeUITests.xctest */ = {isa = PBXFileReference; explicitFileType = wrapper.cfbundle; includeInIndex = 0; path = PrototypeUITests.xctest; sourceTree = BUILT_PRODUCTS_DIR; };
		0AB73E2C2A894525004CB3FD /* PrototypeUITests.swift */ = {isa = PBXFileReference; lastKnownFileType = sourcecode.swift; path = PrototypeUITests.swift; sourceTree = "<group>"; };
		0AB73E2E2A894525004CB3FD /* PrototypeUITestsLaunchTests.swift */ = {isa = PBXFileReference; lastKnownFileType = sourcecode.swift; path = PrototypeUITestsLaunchTests.swift; sourceTree = "<group>"; };
/* End PBXFileReference section */

/* Begin PBXFrameworksBuildPhase section */
		0AB73E052A894523004CB3FD /* Frameworks */ = {
			isa = PBXFrameworksBuildPhase;
			buildActionMask = 2147483647;
			files = (
			);
			runOnlyForDeploymentPostprocessing = 0;
		};
		0AB73E1B2A894525004CB3FD /* Frameworks */ = {
			isa = PBXFrameworksBuildPhase;
			buildActionMask = 2147483647;
			files = (
			);
			runOnlyForDeploymentPostprocessing = 0;
		};
		0AB73E252A894525004CB3FD /* Frameworks */ = {
			isa = PBXFrameworksBuildPhase;
			buildActionMask = 2147483647;
			files = (
			);
			runOnlyForDeploymentPostprocessing = 0;
		};
/* End PBXFrameworksBuildPhase section */

/* Begin PBXGroup section */
		0AB73DFF2A894523004CB3FD = {
			isa = PBXGroup;
			children = (
				0AB73E0A2A894523004CB3FD /* Prototype */,
				0AB73E212A894525004CB3FD /* PrototypeTests */,
				0AB73E2B2A894525004CB3FD /* PrototypeUITests */,
				0AB73E092A894523004CB3FD /* Products */,
			);
			sourceTree = "<group>";
		};
		0AB73E092A894523004CB3FD /* Products */ = {
			isa = PBXGroup;
			children = (
				0AB73E082A894523004CB3FD /* Prototype.app */,
				0AB73E1E2A894525004CB3FD /* PrototypeTests.xctest */,
				0AB73E282A894525004CB3FD /* PrototypeUITests.xctest */,
			);
			name = Products;
			sourceTree = "<group>";
		};
		0AB73E0A2A894523004CB3FD /* Prototype */ = {
			isa = PBXGroup;
			children = (
				0AB73E0B2A894523004CB3FD /* AppDelegate.swift */,
				0AB73E0D2A894523004CB3FD /* SceneDelegate.swift */,
				0AB73E0F2A894523004CB3FD /* ViewController.swift */,
				0AB73E112A894523004CB3FD /* Main.storyboard */,
				0AB73E142A894525004CB3FD /* Assets.xcassets */,
				0AB73E162A894525004CB3FD /* LaunchScreen.storyboard */,
				0AB73E192A894525004CB3FD /* Info.plist */,
			);
			path = Prototype;
			sourceTree = "<group>";
		};
		0AB73E212A894525004CB3FD /* PrototypeTests */ = {
			isa = PBXGroup;
			children = (
				0AB73E222A894525004CB3FD /* PrototypeTests.swift */,
			);
			path = PrototypeTests;
			sourceTree = "<group>";
		};
		0AB73E2B2A894525004CB3FD /* PrototypeUITests */ = {
			isa = PBXGroup;
			children = (
				0AB73E2C2A894525004CB3FD /* PrototypeUITests.swift */,
				0AB73E2E2A894525004CB3FD /* PrototypeUITestsLaunchTests.swift */,
			);
			path = PrototypeUITests;
			sourceTree = "<group>";
		};
/* End PBXGroup section */

/* Begin PBXNativeTarget section */
		0AB73E072A894523004CB3FD /* Prototype */ = {
			isa = PBXNativeTarget;
			buildConfigurationList = 0AB73E322A894525004CB3FD /* Build configuration list for PBXNativeTarget "Prototype" */;
			buildPhases = (
				0AB73E042A894523004CB3FD /* Sources */,
				0AB73E052A894523004CB3FD /* Frameworks */,
				0AB73E062A894523004CB3FD /* Resources */,
			);
			buildRules = (
			);
			dependencies = (
			);
			name = Prototype;
			productName = Prototype;
			productReference = 0AB73E082A894523004CB3FD /* Prototype.app */;
			productType = "com.apple.product-type.application";
		};
		0AB73E1D2A894525004CB3FD /* PrototypeTests */ = {
			isa = PBXNativeTarget;
			buildConfigurationList = 0AB73E352A894525004CB3FD /* Build configuration list for PBXNativeTarget "PrototypeTests" */;
			buildPhases = (
				0AB73E1A2A894525004CB3FD /* Sources */,
				0AB73E1B2A894525004CB3FD /* Frameworks */,
				0AB73E1C2A894525004CB3FD /* Resources */,
			);
			buildRules = (
			);
			dependencies = (
				0AB73E202A894525004CB3FD /* PBXTargetDependency */,
			);
			name = PrototypeTests;
			productName = PrototypeTests;
			productReference = 0AB73E1E2A894525004CB3FD /* PrototypeTests.xctest */;
			productType = "com.apple.product-type.bundle.unit-test";
		};
		0AB73E272A894525004CB3FD /* PrototypeUITests */ = {
			isa = PBXNativeTarget;
			buildConfigurationList = 0AB73E382A894525004CB3FD /* Build configuration list for PBXNativeTarget "PrototypeUITests" */;
			buildPhases = (
				0AB73E242A894525004CB3FD /* Sources */,
				0AB73E252A894525004CB3FD /* Frameworks */,
				0AB73E262A894525004CB3FD /* Resources */,
			);
			buildRules = (
			);
			dependencies = (
				0AB73E2A2A894525004CB3FD /* PBXTargetDependency */,
			);
			name = PrototypeUITests;
			productName = PrototypeUITests;
			productReference = 0AB73E282A894525004CB3FD /* PrototypeUITests.xctest */;
			productType = "com.apple.product-type.bundle.ui-testing";
		};
/* End PBXNativeTarget section */

/* Begin PBXProject section */
		0AB73E002A894523004CB3FD /* Project object */ = {
			isa = PBXProject;
			attributes = {
				BuildIndependentTargetsInParallel = 1;
				LastSwiftUpdateCheck = 1430;
				LastUpgradeCheck = 1430;
				TargetAttributes = {
					0AB73E072A894523004CB3FD = {
						CreatedOnToolsVersion = 14.3.1;
					};
					0AB73E1D2A894525004CB3FD = {
						CreatedOnToolsVersion = 14.3.1;
						TestTargetID = 0AB73E072A894523004CB3FD;
					};
					0AB73E272A894525004CB3FD = {
						CreatedOnToolsVersion = 14.3.1;
						TestTargetID = 0AB73E072A894523004CB3FD;
					};
				};
			};
			buildConfigurationList = 0AB73E032A894523004CB3FD /* Build configuration list for PBXProject "Prototype" */;
			compatibilityVersion = "Xcode 14.0";
			developmentRegion = en;
			hasScannedForEncodings = 0;
			knownRegions = (
				en,
				Base,
			);
			mainGroup = 0AB73DFF2A894523004CB3FD;
			productRefGroup = 0AB73E092A894523004CB3FD /* Products */;
			projectDirPath = "";
			projectRoot = "";
			targets = (
				0AB73E072A894523004CB3FD /* Prototype */,
				0AB73E1D2A894525004CB3FD /* PrototypeTests */,
				0AB73E272A894525004CB3FD /* PrototypeUITests */,
			);
		};
/* End PBXProject section */

/* Begin PBXResourcesBuildPhase section */
		0AB73E062A894523004CB3FD /* Resources */ = {
			isa = PBXResourcesBuildPhase;
			buildActionMask = 2147483647;
			files = (
				0AB73E182A894525004CB3FD /* LaunchScreen.storyboard in Resources */,
				0AB73E152A894525004CB3FD /* Assets.xcassets in Resources */,
				0AB73E132A894523004CB3FD /* Main.storyboard in Resources */,
			);
			runOnlyForDeploymentPostprocessing = 0;
		};
		0AB73E1C2A894525004CB3FD /* Resources */ = {
			isa = PBXResourcesBuildPhase;
			buildActionMask = 2147483647;
			files = (
			);
			runOnlyForDeploymentPostprocessing = 0;
		};
		0AB73E262A894525004CB3FD /* Resources */ = {
			isa = PBXResourcesBuildPhase;
			buildActionMask = 2147483647;
			files = (
			);
			runOnlyForDeploymentPostprocessing = 0;
		};
/* End PBXResourcesBuildPhase section */

/* Begin PBXSourcesBuildPhase section */
		0AB73E042A894523004CB3FD /* Sources */ = {
			isa = PBXSourcesBuildPhase;
			buildActionMask = 2147483647;
			files = (
				0AB73E102A894523004CB3FD /* ViewController.swift in Sources */,
				0AB73E0C2A894523004CB3FD /* AppDelegate.swift in Sources */,
				0AB73E0E2A894523004CB3FD /* SceneDelegate.swift in Sources */,
			);
			runOnlyForDeploymentPostprocessing = 0;
		};
		0AB73E1A2A894525004CB3FD /* Sources */ = {
			isa = PBXSourcesBuildPhase;
			buildActionMask = 2147483647;
			files = (
				0AB73E232A894525004CB3FD /* PrototypeTests.swift in Sources */,
			);
			runOnlyForDeploymentPostprocessing = 0;
		};
		0AB73E242A894525004CB3FD /* Sources */ = {
			isa = PBXSourcesBuildPhase;
			buildActionMask = 2147483647;
			files = (
				0AB73E2D2A894525004CB3FD /* PrototypeUITests.swift in Sources */,
				0AB73E2F2A894525004CB3FD /* PrototypeUITestsLaunchTests.swift in Sources */,
			);
			runOnlyForDeploymentPostprocessing = 0;
		};
/* End PBXSourcesBuildPhase section */

/* Begin PBXTargetDependency section */
		0AB73E202A894525004CB3FD /* PBXTargetDependency */ = {
			isa = PBXTargetDependency;
			target = 0AB73E072A894523004CB3FD /* Prototype */;
			targetProxy = 0AB73E1F2A894525004CB3FD /* PBXContainerItemProxy */;
		};
		0AB73E2A2A894525004CB3FD /* PBXTargetDependency */ = {
			isa = PBXTargetDependency;
			target = 0AB73E072A894523004CB3FD /* Prototype */;
			targetProxy = 0AB73E292A894525004CB3FD /* PBXContainerItemProxy */;
		};
/* End PBXTargetDependency section */

/* Begin PBXVariantGroup section */
		0AB73E112A894523004CB3FD /* Main.storyboard */ = {
			isa = PBXVariantGroup;
			children = (
				0AB73E122A894523004CB3FD /* Base */,
			);
			name = Main.storyboard;
			sourceTree = "<group>";
		};
		0AB73E162A894525004CB3FD /* LaunchScreen.storyboard */ = {
			isa = PBXVariantGroup;
			children = (
				0AB73E172A894525004CB3FD /* Base */,
			);
			name = LaunchScreen.storyboard;
			sourceTree = "<group>";
		};
/* End PBXVariantGroup section */

/* Begin XCBuildConfiguration section */
		0AB73E302A894525004CB3FD /* Debug */ = {
			isa = XCBuildConfiguration;
			buildSettings = {
				ALWAYS_SEARCH_USER_PATHS = NO;
				CLANG_ANALYZER_NONNULL = YES;
				CLANG_ANALYZER_NUMBER_OBJECT_CONVERSION = YES_AGGRESSIVE;
				CLANG_CXX_LANGUAGE_STANDARD = "gnu++20";
				CLANG_ENABLE_MODULES = YES;
				CLANG_ENABLE_OBJC_ARC = YES;
				CLANG_ENABLE_OBJC_WEAK = YES;
				CLANG_WARN_BLOCK_CAPTURE_AUTORELEASING = YES;
				CLANG_WARN_BOOL_CONVERSION = YES;
				CLANG_WARN_COMMA = YES;
				CLANG_WARN_CONSTANT_CONVERSION = YES;
				CLANG_WARN_DEPRECATED_OBJC_IMPLEMENTATIONS = YES;
				CLANG_WARN_DIRECT_OBJC_ISA_USAGE = YES_ERROR;
				CLANG_WARN_DOCUMENTATION_COMMENTS = YES;
				CLANG_WARN_EMPTY_BODY = YES;
				CLANG_WARN_ENUM_CONVERSION = YES;
				CLANG_WARN_INFINITE_RECURSION = YES;
				CLANG_WARN_INT_CONVERSION = YES;
				CLANG_WARN_NON_LITERAL_NULL_CONVERSION = YES;
				CLANG_WARN_OBJC_IMPLICIT_RETAIN_SELF = YES;
				CLANG_WARN_OBJC_LITERAL_CONVERSION = YES;
				CLANG_WARN_OBJC_ROOT_CLASS = YES_ERROR;
				CLANG_WARN_QUOTED_INCLUDE_IN_FRAMEWORK_HEADER = YES;
				CLANG_WARN_RANGE_LOOP_ANALYSIS = YES;
				CLANG_WARN_STRICT_PROTOTYPES = YES;
				CLANG_WARN_SUSPICIOUS_MOVE = YES;
				CLANG_WARN_UNGUARDED_AVAILABILITY = YES_AGGRESSIVE;
				CLANG_WARN_UNREACHABLE_CODE = YES;
				CLANG_WARN__DUPLICATE_METHOD_MATCH = YES;
				COPY_PHASE_STRIP = NO;
				DEBUG_INFORMATION_FORMAT = dwarf;
				ENABLE_STRICT_OBJC_MSGSEND = YES;
				ENABLE_TESTABILITY = YES;
				GCC_C_LANGUAGE_STANDARD = gnu11;
				GCC_DYNAMIC_NO_PIC = NO;
				GCC_NO_COMMON_BLOCKS = YES;
				GCC_OPTIMIZATION_LEVEL = 0;
				GCC_PREPROCESSOR_DEFINITIONS = (
					"DEBUG=1",
					"$(inherited)",
				);
				GCC_WARN_64_TO_32_BIT_CONVERSION = YES;
				GCC_WARN_ABOUT_RETURN_TYPE = YES_ERROR;
				GCC_WARN_UNDECLARED_SELECTOR = YES;
				GCC_WARN_UNINITIALIZED_AUTOS = YES_AGGRESSIVE;
				GCC_WARN_UNUSED_FUNCTION = YES;
				GCC_WARN_UNUSED_VARIABLE = YES;
				IPHONEOS_DEPLOYMENT_TARGET = 16.4;
				MTL_ENABLE_DEBUG_INFO = INCLUDE_SOURCE;
				MTL_FAST_MATH = YES;
				ONLY_ACTIVE_ARCH = YES;
				SDKROOT = iphoneos;
				SWIFT_ACTIVE_COMPILATION_CONDITIONS = DEBUG;
				SWIFT_OPTIMIZATION_LEVEL = "-Onone";
			};
			name = Debug;
		};
		0AB73E312A894525004CB3FD /* Release */ = {
			isa = XCBuildConfiguration;
			buildSettings = {
				ALWAYS_SEARCH_USER_PATHS = NO;
				CLANG_ANALYZER_NONNULL = YES;
				CLANG_ANALYZER_NUMBER_OBJECT_CONVERSION = YES_AGGRESSIVE;
				CLANG_CXX_LANGUAGE_STANDARD = "gnu++20";
				CLANG_ENABLE_MODULES = YES;
				CLANG_ENABLE_OBJC_ARC = YES;
				CLANG_ENABLE_OBJC_WEAK = YES;
				CLANG_WARN_BLOCK_CAPTURE_AUTORELEASING = YES;
				CLANG_WARN_BOOL_CONVERSION = YES;
				CLANG_WARN_COMMA = YES;
				CLANG_WARN_CONSTANT_CONVERSION = YES;
				CLANG_WARN_DEPRECATED_OBJC_IMPLEMENTATIONS = YES;
				CLANG_WARN_DIRECT_OBJC_ISA_USAGE = YES_ERROR;
				CLANG_WARN_DOCUMENTATION_COMMENTS = YES;
				CLANG_WARN_EMPTY_BODY = YES;
				CLANG_WARN_ENUM_CONVERSION = YES;
				CLANG_WARN_INFINITE_RECURSION = YES;
				CLANG_WARN_INT_CONVERSION = YES;
				CLANG_WARN_NON_LITERAL_NULL_CONVERSION = YES;
				CLANG_WARN_OBJC_IMPLICIT_RETAIN_SELF = YES;
				CLANG_WARN_OBJC_LITERAL_CONVERSION = YES;
				CLANG_WARN_OBJC_ROOT_CLASS = YES_ERROR;
				CLANG_WARN_QUOTED_INCLUDE_IN_FRAMEWORK_HEADER = YES;
				CLANG_WARN_RANGE_LOOP_ANALYSIS = YES;
				CLANG_WARN_STRICT_PROTOTYPES = YES;
				CLANG_WARN_SUSPICIOUS_MOVE = YES;
				CLANG_WARN_UNGUARDED_AVAILABILITY = YES_AGGRESSIVE;
				CLANG_WARN_UNREACHABLE_CODE = YES;
				CLANG_WARN__DUPLICATE_METHOD_MATCH = YES;
				COPY_PHASE_STRIP = NO;
				DEBUG_INFORMATION_FORMAT = "dwarf-with-dsym";
				ENABLE_NS_ASSERTIONS = NO;
				ENABLE_STRICT_OBJC_MSGSEND = YES;
				GCC_C_LANGUAGE_STANDARD = gnu11;
				GCC_NO_COMMON_BLOCKS = YES;
				GCC_WARN_64_TO_32_BIT_CONVERSION = YES;
				GCC_WARN_ABOUT_RETURN_TYPE = YES_ERROR;
				GCC_WARN_UNDECLARED_SELECTOR = YES;
				GCC_WARN_UNINITIALIZED_AUTOS = YES_AGGRESSIVE;
				GCC_WARN_UNUSED_FUNCTION = YES;
				GCC_WARN_UNUSED_VARIABLE = YES;
				IPHONEOS_DEPLOYMENT_TARGET = 16.4;
				MTL_ENABLE_DEBUG_INFO = NO;
				MTL_FAST_MATH = YES;
				SDKROOT = iphoneos;
				SWIFT_COMPILATION_MODE = wholemodule;
				SWIFT_OPTIMIZATION_LEVEL = "-O";
				VALIDATE_PRODUCT = YES;
			};
			name = Release;
		};
		0AB73E332A894525004CB3FD /* Debug */ = {
			isa = XCBuildConfiguration;
			buildSettings = {
				ASSETCATALOG_COMPILER_APPICON_NAME = AppIcon;
				ASSETCATALOG_COMPILER_GLOBAL_ACCENT_COLOR_NAME = AccentColor;
				CODE_SIGN_STYLE = Automatic;
				CURRENT_PROJECT_VERSION = 1;
				DEVELOPMENT_TEAM = PL82FBEDAB;
				GENERATE_INFOPLIST_FILE = YES;
				INFOPLIST_FILE = Prototype/Info.plist;
				INFOPLIST_KEY_UIApplicationSupportsIndirectInputEvents = YES;
				INFOPLIST_KEY_UILaunchStoryboardName = LaunchScreen;
				INFOPLIST_KEY_UIMainStoryboardFile = Main;
				INFOPLIST_KEY_UISupportedInterfaceOrientations_iPad = "UIInterfaceOrientationPortrait UIInterfaceOrientationPortraitUpsideDown UIInterfaceOrientationLandscapeLeft UIInterfaceOrientationLandscapeRight";
				INFOPLIST_KEY_UISupportedInterfaceOrientations_iPhone = "UIInterfaceOrientationPortrait UIInterfaceOrientationLandscapeLeft UIInterfaceOrientationLandscapeRight";
				LD_RUNPATH_SEARCH_PATHS = (
					"$(inherited)",
					"@executable_path/Frameworks",
				);
				MARKETING_VERSION = 1.0;
				PRODUCT_BUNDLE_IDENTIFIER = com.Zouf.Prototype;
				PRODUCT_NAME = "$(TARGET_NAME)";
				SWIFT_EMIT_LOC_STRINGS = YES;
				SWIFT_VERSION = 5.0;
				TARGETED_DEVICE_FAMILY = "1,2";
			};
			name = Debug;
		};
		0AB73E342A894525004CB3FD /* Release */ = {
			isa = XCBuildConfiguration;
			buildSettings = {
				ASSETCATALOG_COMPILER_APPICON_NAME = AppIcon;
				ASSETCATALOG_COMPILER_GLOBAL_ACCENT_COLOR_NAME = AccentColor;
				CODE_SIGN_STYLE = Automatic;
				CURRENT_PROJECT_VERSION = 1;
				DEVELOPMENT_TEAM = PL82FBEDAB;
				GENERATE_INFOPLIST_FILE = YES;
				INFOPLIST_FILE = Prototype/Info.plist;
				INFOPLIST_KEY_UIApplicationSupportsIndirectInputEvents = YES;
				INFOPLIST_KEY_UILaunchStoryboardName = LaunchScreen;
				INFOPLIST_KEY_UIMainStoryboardFile = Main;
				INFOPLIST_KEY_UISupportedInterfaceOrientations_iPad = "UIInterfaceOrientationPortrait UIInterfaceOrientationPortraitUpsideDown UIInterfaceOrientationLandscapeLeft UIInterfaceOrientationLandscapeRight";
				INFOPLIST_KEY_UISupportedInterfaceOrientations_iPhone = "UIInterfaceOrientationPortrait UIInterfaceOrientationLandscapeLeft UIInterfaceOrientationLandscapeRight";
				LD_RUNPATH_SEARCH_PATHS = (
					"$(inherited)",
					"@executable_path/Frameworks",
				);
				MARKETING_VERSION = 1.0;
				PRODUCT_BUNDLE_IDENTIFIER = com.Zouf.Prototype;
				PRODUCT_NAME = "$(TARGET_NAME)";
				SWIFT_EMIT_LOC_STRINGS = YES;
				SWIFT_VERSION = 5.0;
				TARGETED_DEVICE_FAMILY = "1,2";
			};
			name = Release;
		};
		0AB73E362A894525004CB3FD /* Debug */ = {
			isa = XCBuildConfiguration;
			buildSettings = {
				ALWAYS_EMBED_SWIFT_STANDARD_LIBRARIES = YES;
				BUNDLE_LOADER = "$(TEST_HOST)";
				CODE_SIGN_STYLE = Automatic;
				CURRENT_PROJECT_VERSION = 1;
				DEVELOPMENT_TEAM = PL82FBEDAB;
				GENERATE_INFOPLIST_FILE = YES;
				IPHONEOS_DEPLOYMENT_TARGET = 16.4;
				MARKETING_VERSION = 1.0;
				PRODUCT_BUNDLE_IDENTIFIER = com.Zouf.PrototypeTests;
				PRODUCT_NAME = "$(TARGET_NAME)";
				SWIFT_EMIT_LOC_STRINGS = NO;
				SWIFT_VERSION = 5.0;
				TARGETED_DEVICE_FAMILY = "1,2";
				TEST_HOST = "$(BUILT_PRODUCTS_DIR)/Prototype.app/$(BUNDLE_EXECUTABLE_FOLDER_PATH)/Prototype";
			};
			name = Debug;
		};
		0AB73E372A894525004CB3FD /* Release */ = {
			isa = XCBuildConfiguration;
			buildSettings = {
				ALWAYS_EMBED_SWIFT_STANDARD_LIBRARIES = YES;
				BUNDLE_LOADER = "$(TEST_HOST)";
				CODE_SIGN_STYLE = Automatic;
				CURRENT_PROJECT_VERSION = 1;
				DEVELOPMENT_TEAM = PL82FBEDAB;
				GENERATE_INFOPLIST_FILE = YES;
				IPHONEOS_DEPLOYMENT_TARGET = 16.4;
				MARKETING_VERSION = 1.0;
				PRODUCT_BUNDLE_IDENTIFIER = com.Zouf.PrototypeTests;
				PRODUCT_NAME = "$(TARGET_NAME)";
				SWIFT_EMIT_LOC_STRINGS = NO;
				SWIFT_VERSION = 5.0;
				TARGETED_DEVICE_FAMILY = "1,2";
				TEST_HOST = "$(BUILT_PRODUCTS_DIR)/Prototype.app/$(BUNDLE_EXECUTABLE_FOLDER_PATH)/Prototype";
			};
			name = Release;
		};
		0AB73E392A894525004CB3FD /* Debug */ = {
			isa = XCBuildConfiguration;
			buildSettings = {
				ALWAYS_EMBED_SWIFT_STANDARD_LIBRARIES = YES;
				CODE_SIGN_STYLE = Automatic;
				CURRENT_PROJECT_VERSION = 1;
				DEVELOPMENT_TEAM = PL82FBEDAB;
				GENERATE_INFOPLIST_FILE = YES;
				MARKETING_VERSION = 1.0;
				PRODUCT_BUNDLE_IDENTIFIER = com.Zouf.PrototypeUITests;
				PRODUCT_NAME = "$(TARGET_NAME)";
				SWIFT_EMIT_LOC_STRINGS = NO;
				SWIFT_VERSION = 5.0;
				TARGETED_DEVICE_FAMILY = "1,2";
				TEST_TARGET_NAME = Prototype;
			};
			name = Debug;
		};
		0AB73E3A2A894525004CB3FD /* Release */ = {
			isa = XCBuildConfiguration;
			buildSettings = {
				ALWAYS_EMBED_SWIFT_STANDARD_LIBRARIES = YES;
				CODE_SIGN_STYLE = Automatic;
				CURRENT_PROJECT_VERSION = 1;
				DEVELOPMENT_TEAM = PL82FBEDAB;
				GENERATE_INFOPLIST_FILE = YES;
				MARKETING_VERSION = 1.0;
				PRODUCT_BUNDLE_IDENTIFIER = com.Zouf.PrototypeUITests;
				PRODUCT_NAME = "$(TARGET_NAME)";
				SWIFT_EMIT_LOC_STRINGS = NO;
				SWIFT_VERSION = 5.0;
				TARGETED_DEVICE_FAMILY = "1,2";
				TEST_TARGET_NAME = Prototype;
			};
			name = Release;
		};
/* End XCBuildConfiguration section */

/* Begin XCConfigurationList section */
		0AB73E032A894523004CB3FD /* Build configuration list for PBXProject "Prototype" */ = {
			isa = XCConfigurationList;
			buildConfigurations = (
				0AB73E302A894525004CB3FD /* Debug */,
				0AB73E312A894525004CB3FD /* Release */,
			);
			defaultConfigurationIsVisible = 0;
			defaultConfigurationName = Release;
		};
		0AB73E322A894525004CB3FD /* Build configuration list for PBXNativeTarget "Prototype" */ = {
			isa = XCConfigurationList;
			buildConfigurations = (
				0AB73E332A894525004CB3FD /* Debug */,
				0AB73E342A894525004CB3FD /* Release */,
			);
			defaultConfigurationIsVisible = 0;
			defaultConfigurationName = Release;
		};
		0AB73E352A894525004CB3FD /* Build configuration list for PBXNativeTarget "PrototypeTests" */ = {
			isa = XCConfigurationList;
			buildConfigurations = (
				0AB73E362A894525004CB3FD /* Debug */,
				0AB73E372A894525004CB3FD /* Release */,
			);
			defaultConfigurationIsVisible = 0;
			defaultConfigurationName = Release;
		};
		0AB73E382A894525004CB3FD /* Build configuration list for PBXNativeTarget "PrototypeUITests" */ = {
			isa = XCConfigurationList;
			buildConfigurations = (
				0AB73E392A894525004CB3FD /* Debug */,
				0AB73E3A2A894525004CB3FD /* Release */,
			);
			defaultConfigurationIsVisible = 0;
			defaultConfigurationName = Release;
		};
/* End XCConfigurationList section */
	};
	rootObject = 0AB73E002A894523004CB3FD /* Project object */;
}
